
Microsoft Visual Studio Solution File, Format Version 12.00
# Visual Studio 15
VisualStudioVersion = 15.0.28307.421
MinimumVisualStudioVersion = 10.0.40219.1
Project("{FAE04EC0-301F-11D3-BF4B-00C04F79EFBC}") = "StringIO_TextView", "StringIO_TextView\StringIO_TextView.csproj", "{6FE0968B-63B0-40F1-82EA-8670B07895B3}"
EndProject
Global
	GlobalSection(SolutionConfigurationPlatforms) = preSolution
		Debug|Any CPU = Debug|Any CPU
		Release|Any CPU = Release|Any CPU
	EndGlobalSection
	GlobalSection(ProjectConfigurationPlatforms) = postSolution
		{6FE0968B-63B0-40F1-82EA-8670B07895B3}.Debug|Any CPU.ActiveCfg = Debug|Any CPU
		{6FE0968B-63B0-40F1-82EA-8670B07895B3}.Debug|Any CPU.Build.0 = Debug|Any CPU
		{6FE0968B-63B0-40F1-82EA-8670B07895B3}.Release|Any CPU.ActiveCfg = Release|Any CPU
		{6FE0968B-63B0-40F1-82EA-8670B07895B3}.Release|Any CPU.Build.0 = Release|Any CPU
	EndGlobalSection
	GlobalSection(SolutionProperties) = preSolution
		HideSolutionNode = FALSE
	EndGlobalSection
	GlobalSection(ExtensibilityGlobals) = postSolution
		SolutionGuid = {9166C1AE-98D3-4676-BF67-E0336C95AA71}
	EndGlobalSection
EndGlobal
